// !$*UTF8*$!
{
	archiveVersion = 1;
	classes = {
	};
	objectVersion = 46;
	objects = {

/* Begin PBXBuildFile section */
		BAB2BC3F1DFE58A90030EF83 /* AppDelegate.swift in Sources */ = {isa = PBXBuildFile; fileRef = BAB2BC3E1DFE58A90030EF83 /* AppDelegate.swift */; };
		BAB2BC411DFE58A90030EF83 /* ViewController.swift in Sources */ = {isa = PBXBuildFile; fileRef = BAB2BC401DFE58A90030EF83 /* ViewController.swift */; };
		BAB2BC441DFE58A90030EF83 /* Main.storyboard in Resources */ = {isa = PBXBuildFile; fileRef = BAB2BC421DFE58A90030EF83 /* Main.storyboard */; };
		BAB2BC461DFE58A90030EF83 /* Assets.xcassets in Resources */ = {isa = PBXBuildFile; fileRef = BAB2BC451DFE58A90030EF83 /* Assets.xcassets */; };
		BAB2BC491DFE58A90030EF83 /* LaunchScreen.storyboard in Resources */ = {isa = PBXBuildFile; fileRef = BAB2BC471DFE58A90030EF83 /* LaunchScreen.storyboard */; };
		BAB2BCA11DFE8AE70030EF83 /* Shape.swift in Sources */ = {isa = PBXBuildFile; fileRef = BAB2BCA01DFE8AE70030EF83 /* Shape.swift */; };
		BAB2BCA31DFE8B5C0030EF83 /* Line.swift in Sources */ = {isa = PBXBuildFile; fileRef = BAB2BCA21DFE8B5C0030EF83 /* Line.swift */; };
		BAB2BCA51DFE8C150030EF83 /* Rectangle.swift in Sources */ = {isa = PBXBuildFile; fileRef = BAB2BCA41DFE8C150030EF83 /* Rectangle.swift */; };
		BAB2BCA81DFE8C5A0030EF83 /* ShapeDecorator.swift in Sources */ = {isa = PBXBuildFile; fileRef = BAB2BCA71DFE8C5A0030EF83 /* ShapeDecorator.swift */; };
		BAB2BCAA1DFE8C8E0030EF83 /* ColorShapedDecorator.swift in Sources */ = {isa = PBXBuildFile; fileRef = BAB2BCA91DFE8C8E0030EF83 /* ColorShapedDecorator.swift */; };
/* End PBXBuildFile section */

/* Begin PBXFileReference section */
		BAB2BC3B1DFE58A90030EF83 /* DecoratorPattern.app */ = {isa = PBXFileReference; explicitFileType = wrapper.application; includeInIndex = 0; path = DecoratorPattern.app; sourceTree = BUILT_PRODUCTS_DIR; };
		BAB2BC3E1DFE58A90030EF83 /* AppDelegate.swift */ = {isa = PBXFileReference; lastKnownFileType = sourcecode.swift; path = AppDelegate.swift; sourceTree = "<group>"; };
		BAB2BC401DFE58A90030EF83 /* ViewController.swift */ = {isa = PBXFileReference; lastKnownFileType = sourcecode.swift; path = ViewController.swift; sourceTree = "<group>"; };
		BAB2BC431DFE58A90030EF83 /* Base */ = {isa = PBXFileReference; lastKnownFileType = file.storyboard; name = Base; path = Base.lproj/Main.storyboard; sourceTree = "<group>"; };
		BAB2BC451DFE58A90030EF83 /* Assets.xcassets */ = {isa = PBXFileReference; lastKnownFileType = folder.assetcatalog; path = Assets.xcassets; sourceTree = "<group>"; };
		BAB2BC481DFE58A90030EF83 /* Base */ = {isa = PBXFileReference; lastKnownFileType = file.storyboard; name = Base; path = Base.lproj/LaunchScreen.storyboard; sourceTree = "<group>"; };
		BAB2BC4A1DFE58A90030EF83 /* Info.plist */ = {isa = PBXFileReference; lastKnownFileType = text.plist.xml; path = Info.plist; sourceTree = "<group>"; };
		BAB2BCA01DFE8AE70030EF83 /* Shape.swift */ = {isa = PBXFileReference; fileEncoding = 4; lastKnownFileType = sourcecode.swift; name = Shape.swift; path = Shape/Shape.swift; sourceTree = "<group>"; };
		BAB2BCA21DFE8B5C0030EF83 /* Line.swift */ = {isa = PBXFileReference; fileEncoding = 4; lastKnownFileType = sourcecode.swift; name = Line.swift; path = Shape/Line.swift; sourceTree = "<group>"; };
		BAB2BCA41DFE8C150030EF83 /* Rectangle.swift */ = {isa = PBXFileReference; fileEncoding = 4; lastKnownFileType = sourcecode.swift; name = Rectangle.swift; path = Shape/Rectangle.swift; sourceTree = "<group>"; };
		BAB2BCA71DFE8C5A0030EF83 /* ShapeDecorator.swift */ = {isa = PBXFileReference; fileEncoding = 4; lastKnownFileType = sourcecode.swift; name = ShapeDecorator.swift; path = Decorator/ShapeDecorator.swift; sourceTree = "<group>"; };
		BAB2BCA91DFE8C8E0030EF83 /* ColorShapedDecorator.swift */ = {isa = PBXFileReference; fileEncoding = 4; lastKnownFileType = sourcecode.swift; name = ColorShapedDecorator.swift; path = Decorator/ColorShapedDecorator.swift; sourceTree = "<group>"; };
/* End PBXFileReference section */

/* Begin PBXFrameworksBuildPhase section */
		BAB2BC381DFE58A90030EF83 /* Frameworks */ = {
			isa = PBXFrameworksBuildPhase;
			buildActionMask = 2147483647;
			files = (
			);
			runOnlyForDeploymentPostprocessing = 0;
		};
/* End PBXFrameworksBuildPhase section */

/* Begin PBXGroup section */
		BAB2BC321DFE58A90030EF83 = {
			isa = PBXGroup;
			children = (
				BAB2BC3D1DFE58A90030EF83 /* DecoratorPattern */,
				BAB2BC3C1DFE58A90030EF83 /* Products */,
			);
			sourceTree = "<group>";
		};
		BAB2BC3C1DFE58A90030EF83 /* Products */ = {
			isa = PBXGroup;
			children = (
				BAB2BC3B1DFE58A90030EF83 /* DecoratorPattern.app */,
			);
			name = Products;
			sourceTree = "<group>";
		};
		BAB2BC3D1DFE58A90030EF83 /* DecoratorPattern */ = {
			isa = PBXGroup;
			children = (
				BAB2BCA61DFE8C3F0030EF83 /* Decorator */,
				BAB2BC9F1DFE8A830030EF83 /* Shape */,
				BAB2BC3E1DFE58A90030EF83 /* AppDelegate.swift */,
				BAB2BC401DFE58A90030EF83 /* ViewController.swift */,
				BAB2BC421DFE58A90030EF83 /* Main.storyboard */,
				BAB2BC451DFE58A90030EF83 /* Assets.xcassets */,
				BAB2BC471DFE58A90030EF83 /* LaunchScreen.storyboard */,
				BAB2BC4A1DFE58A90030EF83 /* Info.plist */,
			);
			path = DecoratorPattern;
			sourceTree = "<group>";
		};
		BAB2BC9F1DFE8A830030EF83 /* Shape */ = {
			isa = PBXGroup;
			children = (
				BAB2BCA01DFE8AE70030EF83 /* Shape.swift */,
				BAB2BCA21DFE8B5C0030EF83 /* Line.swift */,
				BAB2BCA41DFE8C150030EF83 /* Rectangle.swift */,
			);
			name = Shape;
			sourceTree = "<group>";
		};
		BAB2BCA61DFE8C3F0030EF83 /* Decorator */ = {
			isa = PBXGroup;
			children = (
				BAB2BCA71DFE8C5A0030EF83 /* ShapeDecorator.swift */,
				BAB2BCA91DFE8C8E0030EF83 /* ColorShapedDecorator.swift */,
			);
			name = Decorator;
			sourceTree = "<group>";
		};
/* End PBXGroup section */

/* Begin PBXNativeTarget section */
		BAB2BC3A1DFE58A90030EF83 /* DecoratorPattern */ = {
			isa = PBXNativeTarget;
			buildConfigurationList = BAB2BC4D1DFE58A90030EF83 /* Build configuration list for PBXNativeTarget "DecoratorPattern" */;
			buildPhases = (
				BAB2BC371DFE58A90030EF83 /* Sources */,
				BAB2BC381DFE58A90030EF83 /* Frameworks */,
				BAB2BC391DFE58A90030EF83 /* Resources */,
			);
			buildRules = (
			);
			dependencies = (
			);
			name = DecoratorPattern;
			productName = DecoratorPattern;
			productReference = BAB2BC3B1DFE58A90030EF83 /* DecoratorPattern.app */;
			productType = "com.apple.product-type.application";
		};
/* End PBXNativeTarget section */

/* Begin PBXProject section */
		BAB2BC331DFE58A90030EF83 /* Project object */ = {
			isa = PBXProject;
			attributes = {
				LastSwiftUpdateCheck = 0810;
				LastUpgradeCheck = 0810;
				ORGANIZATIONNAME = cefalo;
				TargetAttributes = {
					BAB2BC3A1DFE58A90030EF83 = {
						CreatedOnToolsVersion = 8.1;
						DevelopmentTeam = Z997UNQF92;
						ProvisioningStyle = Automatic;
					};
				};
			};
			buildConfigurationList = BAB2BC361DFE58A90030EF83 /* Build configuration list for PBXProject "DecoratorPattern" */;
			compatibilityVersion = "Xcode 3.2";
			developmentRegion = English;
			hasScannedForEncodings = 0;
			knownRegions = (
				en,
				Base,
			);
			mainGroup = BAB2BC321DFE58A90030EF83;
			productRefGroup = BAB2BC3C1DFE58A90030EF83 /* Products */;
			projectDirPath = "";
			projectRoot = "";
			targets = (
				BAB2BC3A1DFE58A90030EF83 /* DecoratorPattern */,
			);
		};
/* End PBXProject section */

/* Begin PBXResourcesBuildPhase section */
		BAB2BC391DFE58A90030EF83 /* Resources */ = {
			isa = PBXResourcesBuildPhase;
			buildActionMask = 2147483647;
			files = (
				BAB2BC491DFE58A90030EF83 /* LaunchScreen.storyboard in Resources */,
				BAB2BC461DFE58A90030EF83 /* Assets.xcassets in Resources */,
				BAB2BC441DFE58A90030EF83 /* Main.storyboard in Resources */,
			);
			runOnlyForDeploymentPostprocessing = 0;
		};
/* End PBXResourcesBuildPhase section */

/* Begin PBXSourcesBuildPhase section */
		BAB2BC371DFE58A90030EF83 /* Sources */ = {
			isa = PBXSourcesBuildPhase;
			buildActionMask = 2147483647;
			files = (
				BAB2BCA51DFE8C150030EF83 /* Rectangle.swift in Sources */,
				BAB2BC411DFE58A90030EF83 /* ViewController.swift in Sources */,
				BAB2BCAA1DFE8C8E0030EF83 /* ColorShapedDecorator.swift in Sources */,
				BAB2BCA31DFE8B5C0030EF83 /* Line.swift in Sources */,
				BAB2BCA81DFE8C5A0030EF83 /* ShapeDecorator.swift in Sources */,
				BAB2BCA11DFE8AE70030EF83 /* Shape.swift in Sources */,
				BAB2BC3F1DFE58A90030EF83 /* AppDelegate.swift in Sources */,
			);
			runOnlyForDeploymentPostprocessing = 0;
		};
/* End PBXSourcesBuildPhase section */

/* Begin PBXVariantGroup section */
		BAB2BC421DFE58A90030EF83 /* Main.storyboard */ = {
			isa = PBXVariantGroup;
			children = (
				BAB2BC431DFE58A90030EF83 /* Base */,
			);
			name = Main.storyboard;
			sourceTree = "<group>";
		};
		BAB2BC471DFE58A90030EF83 /* LaunchScreen.storyboard */ = {
			isa = PBXVariantGroup;
			children = (
				BAB2BC481DFE58A90030EF83 /* Base */,
			);
			name = LaunchScreen.storyboard;
			sourceTree = "<group>";
		};
/* End PBXVariantGroup section */

/* Begin XCBuildConfiguration section */
		BAB2BC4B1DFE58A90030EF83 /* Debug */ = {
			isa = XCBuildConfiguration;
			buildSettings = {
				ALWAYS_SEARCH_USER_PATHS = NO;
				CLANG_ANALYZER_NONNULL = YES;
				CLANG_CXX_LANGUAGE_STANDARD = "gnu++0x";
				CLANG_CXX_LIBRARY = "libc++";
				CLANG_ENABLE_MODULES = YES;
				CLANG_ENABLE_OBJC_ARC = YES;
				CLANG_WARN_BOOL_CONVERSION = YES;
				CLANG_WARN_CONSTANT_CONVERSION = YES;
				CLANG_WARN_DIRECT_OBJC_ISA_USAGE = YES_ERROR;
				CLANG_WARN_DOCUMENTATION_COMMENTS = YES;
				CLANG_WARN_EMPTY_BODY = YES;
				CLANG_WARN_ENUM_CONVERSION = YES;
				CLANG_WARN_INFINITE_RECURSION = YES;
				CLANG_WARN_INT_CONVERSION = YES;
				CLANG_WARN_OBJC_ROOT_CLASS = YES_ERROR;
				CLANG_WARN_SUSPICIOUS_MOVES = YES;
				CLANG_WARN_UNREACHABLE_CODE = YES;
				CLANG_WARN__DUPLICATE_METHOD_MATCH = YES;
				"CODE_SIGN_IDENTITY[sdk=iphoneos*]" = "iPhone Developer";
				COPY_PHASE_STRIP = NO;
				DEBUG_INFORMATION_FORMAT = dwarf;
				ENABLE_STRICT_OBJC_MSGSEND = YES;
				ENABLE_TESTABILITY = YES;
				GCC_C_LANGUAGE_STANDARD = gnu99;
				GCC_DYNAMIC_NO_PIC = NO;
				GCC_NO_COMMON_BLOCKS = YES;
				GCC_OPTIMIZATION_LEVEL = 0;
				GCC_PREPROCESSOR_DEFINITIONS = (
					"DEBUG=1",
					"$(inherited)",
				);
				GCC_WARN_64_TO_32_BIT_CONVERSION = YES;
				GCC_WARN_ABOUT_RETURN_TYPE = YES_ERROR;
				GCC_WARN_UNDECLARED_SELECTOR = YES;
				GCC_WARN_UNINITIALIZED_AUTOS = YES_AGGRESSIVE;
				GCC_WARN_UNUSED_FUNCTION = YES;
				GCC_WARN_UNUSED_VARIABLE = YES;
				IPHONEOS_DEPLOYMENT_TARGET = 10.1;
				MTL_ENABLE_DEBUG_INFO = YES;
				ONLY_ACTIVE_ARCH = YES;
				SDKROOT = iphoneos;
				SWIFT_ACTIVE_COMPILATION_CONDITIONS = DEBUG;
				SWIFT_OPTIMIZATION_LEVEL = "-Onone";
			};
			name = Debug;
		};
		BAB2BC4C1DFE58A90030EF83 /* Release */ = {
			isa = XCBuildConfiguration;
			buildSettings = {
				ALWAYS_SEARCH_USER_PATHS = NO;
				CLANG_ANALYZER_NONNULL = YES;
				CLANG_CXX_LANGUAGE_STANDARD = "gnu++0x";
				CLANG_CXX_LIBRARY = "libc++";
				CLANG_ENABLE_MODULES = YES;
				CLANG_ENABLE_OBJC_ARC = YES;
				CLANG_WARN_BOOL_CONVERSION = YES;
				CLANG_WARN_CONSTANT_CONVERSION = YES;
				CLANG_WARN_DIRECT_OBJC_ISA_USAGE = YES_ERROR;
				CLANG_WARN_DOCUMENTATION_COMMENTS = YES;
				CLANG_WARN_EMPTY_BODY = YES;
				CLANG_WARN_ENUM_CONVERSION = YES;
				CLANG_WARN_INFINITE_RECURSION = YES;
				CLANG_WARN_INT_CONVERSION = YES;
				CLANG_WARN_OBJC_ROOT_CLASS = YES_ERROR;
				CLANG_WARN_SUSPICIOUS_MOVES = YES;
				CLANG_WARN_UNREACHABLE_CODE = YES;
				CLANG_WARN__DUPLICATE_METHOD_MATCH = YES;
				"CODE_SIGN_IDENTITY[sdk=iphoneos*]" = "iPhone Developer";
				COPY_PHASE_STRIP = NO;
				DEBUG_INFORMATION_FORMAT = "dwarf-with-dsym";
				ENABLE_NS_ASSERTIONS = NO;
				ENABLE_STRICT_OBJC_MSGSEND = YES;
				GCC_C_LANGUAGE_STANDARD = gnu99;
				GCC_NO_COMMON_BLOCKS = YES;
				GCC_WARN_64_TO_32_BIT_CONVERSION = YES;
				GCC_WARN_ABOUT_RETURN_TYPE = YES_ERROR;
				GCC_WARN_UNDECLARED_SELECTOR = YES;
				GCC_WARN_UNINITIALIZED_AUTOS = YES_AGGRESSIVE;
				GCC_WARN_UNUSED_FUNCTION = YES;
				GCC_WARN_UNUSED_VARIABLE = YES;
				IPHONEOS_DEPLOYMENT_TARGET = 10.1;
				MTL_ENABLE_DEBUG_INFO = NO;
				SDKROOT = iphoneos;
				SWIFT_OPTIMIZATION_LEVEL = "-Owholemodule";
				VALIDATE_PRODUCT = YES;
			};
			name = Release;
		};
		BAB2BC4E1DFE58A90030EF83 /* Debug */ = {
			isa = XCBuildConfiguration;
			buildSettings = {
				ASSETCATALOG_COMPILER_APPICON_NAME = AppIcon;
				DEVELOPMENT_TEAM = Z997UNQF92;
				INFOPLIST_FILE = DecoratorPattern/Info.plist;
				LD_RUNPATH_SEARCH_PATHS = "$(inherited) @executable_path/Frameworks";
				PRODUCT_BUNDLE_IDENTIFIER = com.ami.DecoratorPattern;
				PRODUCT_NAME = "$(TARGET_NAME)";
				SWIFT_VERSION = 3.0;
			};
			name = Debug;
		};
		BAB2BC4F1DFE58A90030EF83 /* Release */ = {
			isa = XCBuildConfiguration;
			buildSettings = {
				ASSETCATALOG_COMPILER_APPICON_NAME = AppIcon;
				DEVELOPMENT_TEAM = Z997UNQF92;
				INFOPLIST_FILE = DecoratorPattern/Info.plist;
				LD_RUNPATH_SEARCH_PATHS = "$(inherited) @executable_path/Frameworks";
				PRODUCT_BUNDLE_IDENTIFIER = com.ami.DecoratorPattern;
				PRODUCT_NAME = "$(TARGET_NAME)";
				SWIFT_VERSION = 3.0;
			};
			name = Release;
		};
/* End XCBuildConfiguration section */

/* Begin XCConfigurationList section */
		BAB2BC361DFE58A90030EF83 /* Build configuration list for PBXProject "DecoratorPattern" */ = {
			isa = XCConfigurationList;
			buildConfigurations = (
				BAB2BC4B1DFE58A90030EF83 /* Debug */,
				BAB2BC4C1DFE58A90030EF83 /* Release */,
			);
			defaultConfigurationIsVisible = 0;
			defaultConfigurationName = Release;
		};
		BAB2BC4D1DFE58A90030EF83 /* Build configuration list for PBXNativeTarget "DecoratorPattern" */ = {
			isa = XCConfigurationList;
			buildConfigurations = (
				BAB2BC4E1DFE58A90030EF83 /* Debug */,
				BAB2BC4F1DFE58A90030EF83 /* Release */,
			);
			defaultConfigurationIsVisible = 0;
		};
/* End XCConfigurationList section */
	};
	rootObject = BAB2BC331DFE58A90030EF83 /* Project object */;
}
